
Microsoft Visual Studio Solution File, Format Version 11.00
# Visual Studio 2010
Project("{FAE04EC0-301F-11D3-BF4B-00C04F79EFBC}") = "EmotrackerMobile.Droid", "EmotrackerMobile.Droid\EmotrackerMobile.Droid.csproj", "{C6DB0E90-1ED6-4830-B5FC-9FEB25CD7C19}"
EndProject
Global
	GlobalSection(SolutionConfigurationPlatforms) = preSolution
		Debug|iPhoneSimulator = Debug|iPhoneSimulator
		Release|iPhoneSimulator = Release|iPhoneSimulator
		Debug|iPhone = Debug|iPhone
		Release|iPhone = Release|iPhone
		Ad-Hoc|iPhone = Ad-Hoc|iPhone
		AppStore|iPhone = AppStore|iPhone
	EndGlobalSection
	GlobalSection(ProjectConfigurationPlatforms) = postSolution
		{C6DB0E90-1ED6-4830-B5FC-9FEB25CD7C19}.Ad-Hoc|iPhone.ActiveCfg = Release|Any CPU
		{C6DB0E90-1ED6-4830-B5FC-9FEB25CD7C19}.Ad-Hoc|iPhone.Build.0 = Release|Any CPU
		{C6DB0E90-1ED6-4830-B5FC-9FEB25CD7C19}.AppStore|iPhone.ActiveCfg = Release|Any CPU
		{C6DB0E90-1ED6-4830-B5FC-9FEB25CD7C19}.AppStore|iPhone.Build.0 = Release|Any CPU
		{C6DB0E90-1ED6-4830-B5FC-9FEB25CD7C19}.Debug|iPhone.ActiveCfg = Debug|Any CPU
		{C6DB0E90-1ED6-4830-B5FC-9FEB25CD7C19}.Debug|iPhone.Build.0 = Debug|Any CPU
		{C6DB0E90-1ED6-4830-B5FC-9FEB25CD7C19}.Debug|iPhoneSimulator.ActiveCfg = Debug|Any CPU
		{C6DB0E90-1ED6-4830-B5FC-9FEB25CD7C19}.Debug|iPhoneSimulator.Build.0 = Debug|Any CPU
		{C6DB0E90-1ED6-4830-B5FC-9FEB25CD7C19}.Release|iPhone.ActiveCfg = Release|Any CPU
		{C6DB0E90-1ED6-4830-B5FC-9FEB25CD7C19}.Release|iPhone.Build.0 = Release|Any CPU
		{C6DB0E90-1ED6-4830-B5FC-9FEB25CD7C19}.Release|iPhoneSimulator.ActiveCfg = Release|Any CPU
		{C6DB0E90-1ED6-4830-B5FC-9FEB25CD7C19}.Release|iPhoneSimulator.Build.0 = Release|Any CPU
	EndGlobalSection
	GlobalSection(MonoDevelopProperties) = preSolution
		StartupItem = EmotrackerMobile.Droid\EmotrackerMobile.Droid.csproj
	EndGlobalSection
EndGlobal
