
Microsoft Visual Studio Solution File, Format Version 11.00
# Visual Studio 2010
Project("{FAE04EC0-301F-11D3-BF4B-00C04F79EFBC}") = "EmotrackerMobile.iOS", "EmotrackerMobile\EmotrackerMobile.iOS.csproj", "{4721412B-F550-4417-B145-E4F5BFF07635}"
EndProject
Project("{FAE04EC0-301F-11D3-BF4B-00C04F79EFBC}") = "EmotrackerMobile.Droid", "EmotrackerMobile.Droid\EmotrackerMobile.Droid.csproj", "{C6DB0E90-1ED6-4830-B5FC-9FEB25CD7C19}"
EndProject
Global
	GlobalSection(SolutionConfigurationPlatforms) = preSolution
		Debug|iPhoneSimulator = Debug|iPhoneSimulator
		Release|iPhoneSimulator = Release|iPhoneSimulator
		Debug|iPhone = Debug|iPhone
		Release|iPhone = Release|iPhone
		Ad-Hoc|iPhone = Ad-Hoc|iPhone
		AppStore|iPhone = AppStore|iPhone
	EndGlobalSection
	GlobalSection(ProjectConfigurationPlatforms) = postSolution
		{4721412B-F550-4417-B145-E4F5BFF07635}.Ad-Hoc|iPhone.ActiveCfg = Ad-Hoc|iPhone
		{4721412B-F550-4417-B145-E4F5BFF07635}.Ad-Hoc|iPhone.Build.0 = Ad-Hoc|iPhone
		{4721412B-F550-4417-B145-E4F5BFF07635}.AppStore|iPhone.ActiveCfg = AppStore|iPhone
		{4721412B-F550-4417-B145-E4F5BFF07635}.AppStore|iPhone.Build.0 = AppStore|iPhone
		{4721412B-F550-4417-B145-E4F5BFF07635}.Debug|iPhone.ActiveCfg = Debug|iPhone
		{4721412B-F550-4417-B145-E4F5BFF07635}.Debug|iPhone.Build.0 = Debug|iPhone
		{4721412B-F550-4417-B145-E4F5BFF07635}.Debug|iPhoneSimulator.ActiveCfg = Debug|iPhoneSimulator
		{4721412B-F550-4417-B145-E4F5BFF07635}.Debug|iPhoneSimulator.Build.0 = Debug|iPhoneSimulator
		{4721412B-F550-4417-B145-E4F5BFF07635}.Release|iPhone.ActiveCfg = Release|iPhone
		{4721412B-F550-4417-B145-E4F5BFF07635}.Release|iPhone.Build.0 = Release|iPhone
		{4721412B-F550-4417-B145-E4F5BFF07635}.Release|iPhoneSimulator.ActiveCfg = Release|iPhoneSimulator
		{4721412B-F550-4417-B145-E4F5BFF07635}.Release|iPhoneSimulator.Build.0 = Release|iPhoneSimulator
		{C6DB0E90-1ED6-4830-B5FC-9FEB25CD7C19}.Ad-Hoc|iPhone.ActiveCfg = Release|Any CPU
		{C6DB0E90-1ED6-4830-B5FC-9FEB25CD7C19}.Ad-Hoc|iPhone.Build.0 = Release|Any CPU
		{C6DB0E90-1ED6-4830-B5FC-9FEB25CD7C19}.AppStore|iPhone.ActiveCfg = Release|Any CPU
		{C6DB0E90-1ED6-4830-B5FC-9FEB25CD7C19}.AppStore|iPhone.Build.0 = Release|Any CPU
		{C6DB0E90-1ED6-4830-B5FC-9FEB25CD7C19}.Debug|iPhone.ActiveCfg = Debug|Any CPU
		{C6DB0E90-1ED6-4830-B5FC-9FEB25CD7C19}.Debug|iPhone.Build.0 = Debug|Any CPU
		{C6DB0E90-1ED6-4830-B5FC-9FEB25CD7C19}.Debug|iPhoneSimulator.ActiveCfg = Debug|Any CPU
		{C6DB0E90-1ED6-4830-B5FC-9FEB25CD7C19}.Debug|iPhoneSimulator.Build.0 = Debug|Any CPU
		{C6DB0E90-1ED6-4830-B5FC-9FEB25CD7C19}.Release|iPhone.ActiveCfg = Release|Any CPU
		{C6DB0E90-1ED6-4830-B5FC-9FEB25CD7C19}.Release|iPhone.Build.0 = Release|Any CPU
		{C6DB0E90-1ED6-4830-B5FC-9FEB25CD7C19}.Release|iPhoneSimulator.ActiveCfg = Release|Any CPU
		{C6DB0E90-1ED6-4830-B5FC-9FEB25CD7C19}.Release|iPhoneSimulator.Build.0 = Release|Any CPU
	EndGlobalSection
	GlobalSection(MonoDevelopProperties) = preSolution
		StartupItem = EmotrackerMobile\EmotrackerMobile.iOS.csproj
	EndGlobalSection
EndGlobal
